
Microsoft Visual Studio Solution File, Format Version 12.00
# Visual Studio Version 17
VisualStudioVersion = 17.7.34221.43
MinimumVisualStudioVersion = 10.0.40219.1
Project("{FAE04EC0-301F-11D3-BF4B-00C04F79EFBC}") = "SampleProject", "SampleProject\SampleProject.csproj", "{7E4E80F4-C2BC-4F6A-B3C8-8A8F02925E5C}"
EndProject
Global
	GlobalSection(SolutionConfigurationPlatforms) = preSolution
		Debug|Any CPU = Debug|Any CPU
		Release|Any CPU = Release|Any CPU
	EndGlobalSection
	GlobalSection(ProjectConfigurationPlatforms) = postSolution
		{7E4E80F4-C2BC-4F6A-B3C8-8A8F02925E5C}.Debug|Any CPU.ActiveCfg = Debug|Any CPU
		{7E4E80F4-C2BC-4F6A-B3C8-8A8F02925E5C}.Debug|Any CPU.Build.0 = Debug|Any CPU
		{7E4E80F4-C2BC-4F6A-B3C8-8A8F02925E5C}.Release|Any CPU.ActiveCfg = Release|Any CPU
		{7E4E80F4-C2BC-4F6A-B3C8-8A8F02925E5C}.Release|Any CPU.Build.0 = Release|Any CPU
	EndGlobalSection
	GlobalSection(SolutionProperties) = preSolution
		HideSolutionNode = FALSE
	EndGlobalSection
	GlobalSection(ExtensibilityGlobals) = postSolution
		SolutionGuid = {33EA22EF-5A0D-49F7-9253-C3534C3A41A7}
	EndGlobalSection
EndGlobal
